// !$*UTF8*$!
{
	archiveVersion = 1;
	classes = {
	};
	objectVersion = 55;
	objects = {

/* Begin PBXBuildFile section */
		27CF8DC6B79A2F65CFE7D8EC /* libPods-instagramTests.a in Frameworks */ = {isa = PBXBuildFile; fileRef = A7C756191360602A7F9E6340 /* libPods-instagramTests.a */; };
		50922A3FC7A63777CFD03BB5 /* Pods_instagram.framework in Frameworks */ = {isa = PBXBuildFile; fileRef = 5824DF097E9EF0C89A748722 /* Pods_instagram.framework */; };
		63E6ACAE6EAD8E5C00B2C3E8 /* libPods-instagramUITests.a in Frameworks */ = {isa = PBXBuildFile; fileRef = 69A11C5E2BBE5BC795F6972D /* libPods-instagramUITests.a */; };
		6A0D453A27DAB7B1006266BC /* AppDelegate.swift in Sources */ = {isa = PBXBuildFile; fileRef = 6A0D453927DAB7B1006266BC /* AppDelegate.swift */; };
		6A0D453C27DAB7B1006266BC /* SceneDelegate.swift in Sources */ = {isa = PBXBuildFile; fileRef = 6A0D453B27DAB7B1006266BC /* SceneDelegate.swift */; };
		6A0D454127DAB7B1006266BC /* Main.storyboard in Resources */ = {isa = PBXBuildFile; fileRef = 6A0D453F27DAB7B1006266BC /* Main.storyboard */; };
		6A0D454627DAB7B3006266BC /* LaunchScreen.storyboard in Resources */ = {isa = PBXBuildFile; fileRef = 6A0D454427DAB7B3006266BC /* LaunchScreen.storyboard */; };
		6A0D455127DAB7B3006266BC /* instagramTests.swift in Sources */ = {isa = PBXBuildFile; fileRef = 6A0D455027DAB7B3006266BC /* instagramTests.swift */; };
		6A0D455B27DAB7B3006266BC /* instagramUITests.swift in Sources */ = {isa = PBXBuildFile; fileRef = 6A0D455A27DAB7B3006266BC /* instagramUITests.swift */; };
		6A0D455D27DAB7B3006266BC /* instagramUITestsLaunchTests.swift in Sources */ = {isa = PBXBuildFile; fileRef = 6A0D455C27DAB7B3006266BC /* instagramUITestsLaunchTests.swift */; };
		6A0D456A27DAD0EF006266BC /* LoginViewController.swift in Sources */ = {isa = PBXBuildFile; fileRef = 6A0D456927DAD0EF006266BC /* LoginViewController.swift */; };
		6A0D456C27DAD0FC006266BC /* FeedViewController.swift in Sources */ = {isa = PBXBuildFile; fileRef = 6A0D456B27DAD0FC006266BC /* FeedViewController.swift */; };
		6A0D456E27DAFC3F006266BC /* Media.xcassets in Resources */ = {isa = PBXBuildFile; fileRef = 6A0D456D27DAFC3F006266BC /* Media.xcassets */; };
		6A0D457027DB0104006266BC /* CameraViewController.swift in Sources */ = {isa = PBXBuildFile; fileRef = 6A0D456F27DB0104006266BC /* CameraViewController.swift */; };
		6A0D457227DB17B1006266BC /* PostCell.swift in Sources */ = {isa = PBXBuildFile; fileRef = 6A0D457127DB17B1006266BC /* PostCell.swift */; };
		6A5D5CF327E4309700BC6227 /* CommentsCell.swift in Sources */ = {isa = PBXBuildFile; fileRef = 6A5D5CF227E4309700BC6227 /* CommentsCell.swift */; };
/* End PBXBuildFile section */

/* Begin PBXContainerItemProxy section */
		6A0D454D27DAB7B3006266BC /* PBXContainerItemProxy */ = {
			isa = PBXContainerItemProxy;
			containerPortal = 6A0D452E27DAB7B1006266BC /* Project object */;
			proxyType = 1;
			remoteGlobalIDString = 6A0D453527DAB7B1006266BC;
			remoteInfo = instagram;
		};
		6A0D455727DAB7B3006266BC /* PBXContainerItemProxy */ = {
			isa = PBXContainerItemProxy;
			containerPortal = 6A0D452E27DAB7B1006266BC /* Project object */;
			proxyType = 1;
			remoteGlobalIDString = 6A0D453527DAB7B1006266BC;
			remoteInfo = instagram;
		};
/* End PBXContainerItemProxy section */

/* Begin PBXFileReference section */
		098D945B0BA0979DD3BFCA99 /* Pods-instagram.release.xcconfig */ = {isa = PBXFileReference; includeInIndex = 1; lastKnownFileType = text.xcconfig; name = "Pods-instagram.release.xcconfig"; path = "Target Support Files/Pods-instagram/Pods-instagram.release.xcconfig"; sourceTree = "<group>"; };
		0CE6BDD71BDC526380EC4CEB /* Pods-instagramTests.debug.xcconfig */ = {isa = PBXFileReference; includeInIndex = 1; lastKnownFileType = text.xcconfig; name = "Pods-instagramTests.debug.xcconfig"; path = "Target Support Files/Pods-instagramTests/Pods-instagramTests.debug.xcconfig"; sourceTree = "<group>"; };
		305C18FC4716DFE6796BB8B5 /* Pods-instagramUITests.release.xcconfig */ = {isa = PBXFileReference; includeInIndex = 1; lastKnownFileType = text.xcconfig; name = "Pods-instagramUITests.release.xcconfig"; path = "Target Support Files/Pods-instagramUITests/Pods-instagramUITests.release.xcconfig"; sourceTree = "<group>"; };
		5824DF097E9EF0C89A748722 /* Pods_instagram.framework */ = {isa = PBXFileReference; explicitFileType = wrapper.framework; includeInIndex = 0; path = Pods_instagram.framework; sourceTree = BUILT_PRODUCTS_DIR; };
		69A11C5E2BBE5BC795F6972D /* libPods-instagramUITests.a */ = {isa = PBXFileReference; explicitFileType = archive.ar; includeInIndex = 0; path = "libPods-instagramUITests.a"; sourceTree = BUILT_PRODUCTS_DIR; };
		6A0D453627DAB7B1006266BC /* instagram.app */ = {isa = PBXFileReference; explicitFileType = wrapper.application; includeInIndex = 0; path = instagram.app; sourceTree = BUILT_PRODUCTS_DIR; };
		6A0D453927DAB7B1006266BC /* AppDelegate.swift */ = {isa = PBXFileReference; lastKnownFileType = sourcecode.swift; path = AppDelegate.swift; sourceTree = "<group>"; };
		6A0D453B27DAB7B1006266BC /* SceneDelegate.swift */ = {isa = PBXFileReference; lastKnownFileType = sourcecode.swift; path = SceneDelegate.swift; sourceTree = "<group>"; };
		6A0D454027DAB7B1006266BC /* Base */ = {isa = PBXFileReference; lastKnownFileType = file.storyboard; name = Base; path = Base.lproj/Main.storyboard; sourceTree = "<group>"; };
		6A0D454527DAB7B3006266BC /* Base */ = {isa = PBXFileReference; lastKnownFileType = file.storyboard; name = Base; path = Base.lproj/LaunchScreen.storyboard; sourceTree = "<group>"; };
		6A0D454727DAB7B3006266BC /* Info.plist */ = {isa = PBXFileReference; lastKnownFileType = text.plist.xml; path = Info.plist; sourceTree = "<group>"; };
		6A0D454C27DAB7B3006266BC /* instagramTests.xctest */ = {isa = PBXFileReference; explicitFileType = wrapper.cfbundle; includeInIndex = 0; path = instagramTests.xctest; sourceTree = BUILT_PRODUCTS_DIR; };
		6A0D455027DAB7B3006266BC /* instagramTests.swift */ = {isa = PBXFileReference; lastKnownFileType = sourcecode.swift; path = instagramTests.swift; sourceTree = "<group>"; };
		6A0D455627DAB7B3006266BC /* instagramUITests.xctest */ = {isa = PBXFileReference; explicitFileType = wrapper.cfbundle; includeInIndex = 0; path = instagramUITests.xctest; sourceTree = BUILT_PRODUCTS_DIR; };
		6A0D455A27DAB7B3006266BC /* instagramUITests.swift */ = {isa = PBXFileReference; lastKnownFileType = sourcecode.swift; path = instagramUITests.swift; sourceTree = "<group>"; };
		6A0D455C27DAB7B3006266BC /* instagramUITestsLaunchTests.swift */ = {isa = PBXFileReference; lastKnownFileType = sourcecode.swift; path = instagramUITestsLaunchTests.swift; sourceTree = "<group>"; };
		6A0D456927DAD0EF006266BC /* LoginViewController.swift */ = {isa = PBXFileReference; lastKnownFileType = sourcecode.swift; path = LoginViewController.swift; sourceTree = "<group>"; };
		6A0D456B27DAD0FC006266BC /* FeedViewController.swift */ = {isa = PBXFileReference; lastKnownFileType = sourcecode.swift; path = FeedViewController.swift; sourceTree = "<group>"; };
		6A0D456D27DAFC3F006266BC /* Media.xcassets */ = {isa = PBXFileReference; lastKnownFileType = folder.assetcatalog; path = Media.xcassets; sourceTree = "<group>"; };
		6A0D456F27DB0104006266BC /* CameraViewController.swift */ = {isa = PBXFileReference; lastKnownFileType = sourcecode.swift; path = CameraViewController.swift; sourceTree = "<group>"; };
		6A0D457127DB17B1006266BC /* PostCell.swift */ = {isa = PBXFileReference; lastKnownFileType = sourcecode.swift; path = PostCell.swift; sourceTree = "<group>"; };
		6A5D5CF227E4309700BC6227 /* CommentsCell.swift */ = {isa = PBXFileReference; lastKnownFileType = sourcecode.swift; path = CommentsCell.swift; sourceTree = "<group>"; };
		724135C938C2FCFC4B30F1B9 /* Pods-instagram-instagramUITests.debug.xcconfig */ = {isa = PBXFileReference; includeInIndex = 1; lastKnownFileType = text.xcconfig; name = "Pods-instagram-instagramUITests.debug.xcconfig"; path = "Target Support Files/Pods-instagram-instagramUITests/Pods-instagram-instagramUITests.debug.xcconfig"; sourceTree = "<group>"; };
		9FEFA98D67E30DF5F14CDAF3 /* Pods-instagramUITests.debug.xcconfig */ = {isa = PBXFileReference; includeInIndex = 1; lastKnownFileType = text.xcconfig; name = "Pods-instagramUITests.debug.xcconfig"; path = "Target Support Files/Pods-instagramUITests/Pods-instagramUITests.debug.xcconfig"; sourceTree = "<group>"; };
		A7C756191360602A7F9E6340 /* libPods-instagramTests.a */ = {isa = PBXFileReference; explicitFileType = archive.ar; includeInIndex = 0; path = "libPods-instagramTests.a"; sourceTree = BUILT_PRODUCTS_DIR; };
		BB0536094F05D1B0A93B7FBF /* Pods-instagram.debug.xcconfig */ = {isa = PBXFileReference; includeInIndex = 1; lastKnownFileType = text.xcconfig; name = "Pods-instagram.debug.xcconfig"; path = "Target Support Files/Pods-instagram/Pods-instagram.debug.xcconfig"; sourceTree = "<group>"; };
		DB2179B56F5327948559DBFF /* Pods-instagram-instagramUITests.release.xcconfig */ = {isa = PBXFileReference; includeInIndex = 1; lastKnownFileType = text.xcconfig; name = "Pods-instagram-instagramUITests.release.xcconfig"; path = "Target Support Files/Pods-instagram-instagramUITests/Pods-instagram-instagramUITests.release.xcconfig"; sourceTree = "<group>"; };
		E6B37264E273491AF568F83E /* Pods-instagramTests.release.xcconfig */ = {isa = PBXFileReference; includeInIndex = 1; lastKnownFileType = text.xcconfig; name = "Pods-instagramTests.release.xcconfig"; path = "Target Support Files/Pods-instagramTests/Pods-instagramTests.release.xcconfig"; sourceTree = "<group>"; };
/* End PBXFileReference section */

/* Begin PBXFrameworksBuildPhase section */
		6A0D453327DAB7B1006266BC /* Frameworks */ = {
			isa = PBXFrameworksBuildPhase;
			buildActionMask = 2147483647;
			files = (
				50922A3FC7A63777CFD03BB5 /* Pods_instagram.framework in Frameworks */,
			);
			runOnlyForDeploymentPostprocessing = 0;
		};
		6A0D454927DAB7B3006266BC /* Frameworks */ = {
			isa = PBXFrameworksBuildPhase;
			buildActionMask = 2147483647;
			files = (
				27CF8DC6B79A2F65CFE7D8EC /* libPods-instagramTests.a in Frameworks */,
			);
			runOnlyForDeploymentPostprocessing = 0;
		};
		6A0D455327DAB7B3006266BC /* Frameworks */ = {
			isa = PBXFrameworksBuildPhase;
			buildActionMask = 2147483647;
			files = (
				63E6ACAE6EAD8E5C00B2C3E8 /* libPods-instagramUITests.a in Frameworks */,
			);
			runOnlyForDeploymentPostprocessing = 0;
		};
/* End PBXFrameworksBuildPhase section */

/* Begin PBXGroup section */
		6A0D452D27DAB7B1006266BC = {
			isa = PBXGroup;
			children = (
				6A0D453827DAB7B1006266BC /* instagram */,
				6A0D454F27DAB7B3006266BC /* instagramTests */,
				6A0D455927DAB7B3006266BC /* instagramUITests */,
				6A0D453727DAB7B1006266BC /* Products */,
				7DFEB124679CEA997F27834F /* Pods */,
				FE9D562A4BEFA17E5BACCEC0 /* Frameworks */,
			);
			sourceTree = "<group>";
		};
		6A0D453727DAB7B1006266BC /* Products */ = {
			isa = PBXGroup;
			children = (
				6A0D453627DAB7B1006266BC /* instagram.app */,
				6A0D454C27DAB7B3006266BC /* instagramTests.xctest */,
				6A0D455627DAB7B3006266BC /* instagramUITests.xctest */,
			);
			name = Products;
			sourceTree = "<group>";
		};
		6A0D453827DAB7B1006266BC /* instagram */ = {
			isa = PBXGroup;
			children = (
				6A0D453927DAB7B1006266BC /* AppDelegate.swift */,
				6A0D453B27DAB7B1006266BC /* SceneDelegate.swift */,
				6A0D453F27DAB7B1006266BC /* Main.storyboard */,
				6A0D454427DAB7B3006266BC /* LaunchScreen.storyboard */,
				6A0D456D27DAFC3F006266BC /* Media.xcassets */,
				6A0D454727DAB7B3006266BC /* Info.plist */,
				6A0D456927DAD0EF006266BC /* LoginViewController.swift */,
				6A0D456B27DAD0FC006266BC /* FeedViewController.swift */,
				6A0D456F27DB0104006266BC /* CameraViewController.swift */,
				6A0D457127DB17B1006266BC /* PostCell.swift */,
				6A5D5CF227E4309700BC6227 /* CommentsCell.swift */,
			);
			path = instagram;
			sourceTree = "<group>";
		};
		6A0D454F27DAB7B3006266BC /* instagramTests */ = {
			isa = PBXGroup;
			children = (
				6A0D455027DAB7B3006266BC /* instagramTests.swift */,
			);
			path = instagramTests;
			sourceTree = "<group>";
		};
		6A0D455927DAB7B3006266BC /* instagramUITests */ = {
			isa = PBXGroup;
			children = (
				6A0D455A27DAB7B3006266BC /* instagramUITests.swift */,
				6A0D455C27DAB7B3006266BC /* instagramUITestsLaunchTests.swift */,
			);
			path = instagramUITests;
			sourceTree = "<group>";
		};
		7DFEB124679CEA997F27834F /* Pods */ = {
			isa = PBXGroup;
			children = (
				BB0536094F05D1B0A93B7FBF /* Pods-instagram.debug.xcconfig */,
				098D945B0BA0979DD3BFCA99 /* Pods-instagram.release.xcconfig */,
				724135C938C2FCFC4B30F1B9 /* Pods-instagram-instagramUITests.debug.xcconfig */,
				DB2179B56F5327948559DBFF /* Pods-instagram-instagramUITests.release.xcconfig */,
				0CE6BDD71BDC526380EC4CEB /* Pods-instagramTests.debug.xcconfig */,
				E6B37264E273491AF568F83E /* Pods-instagramTests.release.xcconfig */,
				9FEFA98D67E30DF5F14CDAF3 /* Pods-instagramUITests.debug.xcconfig */,
				305C18FC4716DFE6796BB8B5 /* Pods-instagramUITests.release.xcconfig */,
			);
			path = Pods;
			sourceTree = "<group>";
		};
		FE9D562A4BEFA17E5BACCEC0 /* Frameworks */ = {
			isa = PBXGroup;
			children = (
				5824DF097E9EF0C89A748722 /* Pods_instagram.framework */,
				A7C756191360602A7F9E6340 /* libPods-instagramTests.a */,
				69A11C5E2BBE5BC795F6972D /* libPods-instagramUITests.a */,
			);
			name = Frameworks;
			sourceTree = "<group>";
		};
/* End PBXGroup section */

/* Begin PBXNativeTarget section */
		6A0D453527DAB7B1006266BC /* instagram */ = {
			isa = PBXNativeTarget;
			buildConfigurationList = 6A0D456027DAB7B3006266BC /* Build configuration list for PBXNativeTarget "instagram" */;
			buildPhases = (
				39C7BCB520AC7EEEA00DA8C4 /* [CP] Check Pods Manifest.lock */,
				6A0D453227DAB7B1006266BC /* Sources */,
				6A0D453327DAB7B1006266BC /* Frameworks */,
				6A0D453427DAB7B1006266BC /* Resources */,
				831955CA4F378BCB447D85F4 /* [CP] Embed Pods Frameworks */,
			);
			buildRules = (
			);
			dependencies = (
			);
			name = instagram;
			productName = instagram;
			productReference = 6A0D453627DAB7B1006266BC /* instagram.app */;
			productType = "com.apple.product-type.application";
		};
		6A0D454B27DAB7B3006266BC /* instagramTests */ = {
			isa = PBXNativeTarget;
			buildConfigurationList = 6A0D456327DAB7B3006266BC /* Build configuration list for PBXNativeTarget "instagramTests" */;
			buildPhases = (
				DEA93808261E8C753EEC458E /* [CP] Check Pods Manifest.lock */,
				6A0D454827DAB7B3006266BC /* Sources */,
				6A0D454927DAB7B3006266BC /* Frameworks */,
				6A0D454A27DAB7B3006266BC /* Resources */,
				D0B1E420DB5255E1BAD2D263 /* [CP] Copy Pods Resources */,
			);
			buildRules = (
			);
			dependencies = (
				6A0D454E27DAB7B3006266BC /* PBXTargetDependency */,
			);
			name = instagramTests;
			productName = instagramTests;
			productReference = 6A0D454C27DAB7B3006266BC /* instagramTests.xctest */;
			productType = "com.apple.product-type.bundle.unit-test";
		};
		6A0D455527DAB7B3006266BC /* instagramUITests */ = {
			isa = PBXNativeTarget;
			buildConfigurationList = 6A0D456627DAB7B3006266BC /* Build configuration list for PBXNativeTarget "instagramUITests" */;
			buildPhases = (
				43D978E3FE3BDAB2222862DA /* [CP] Check Pods Manifest.lock */,
				6A0D455227DAB7B3006266BC /* Sources */,
				6A0D455327DAB7B3006266BC /* Frameworks */,
				6A0D455427DAB7B3006266BC /* Resources */,
				FBA03F8C11F2511A9CADD1EE /* [CP] Copy Pods Resources */,
			);
			buildRules = (
			);
			dependencies = (
				6A0D455827DAB7B3006266BC /* PBXTargetDependency */,
			);
			name = instagramUITests;
			productName = instagramUITests;
			productReference = 6A0D455627DAB7B3006266BC /* instagramUITests.xctest */;
			productType = "com.apple.product-type.bundle.ui-testing";
		};
/* End PBXNativeTarget section */

/* Begin PBXProject section */
		6A0D452E27DAB7B1006266BC /* Project object */ = {
			isa = PBXProject;
			attributes = {
				BuildIndependentTargetsInParallel = 1;
				LastSwiftUpdateCheck = 1320;
				LastUpgradeCheck = 1320;
				TargetAttributes = {
					6A0D453527DAB7B1006266BC = {
						CreatedOnToolsVersion = 13.2.1;
					};
					6A0D454B27DAB7B3006266BC = {
						CreatedOnToolsVersion = 13.2.1;
						TestTargetID = 6A0D453527DAB7B1006266BC;
					};
					6A0D455527DAB7B3006266BC = {
						CreatedOnToolsVersion = 13.2.1;
						TestTargetID = 6A0D453527DAB7B1006266BC;
					};
				};
			};
			buildConfigurationList = 6A0D453127DAB7B1006266BC /* Build configuration list for PBXProject "instagram" */;
			compatibilityVersion = "Xcode 13.0";
			developmentRegion = en;
			hasScannedForEncodings = 0;
			knownRegions = (
				en,
				Base,
			);
			mainGroup = 6A0D452D27DAB7B1006266BC;
			productRefGroup = 6A0D453727DAB7B1006266BC /* Products */;
			projectDirPath = "";
			projectRoot = "";
			targets = (
				6A0D453527DAB7B1006266BC /* instagram */,
				6A0D454B27DAB7B3006266BC /* instagramTests */,
				6A0D455527DAB7B3006266BC /* instagramUITests */,
			);
		};
/* End PBXProject section */

/* Begin PBXResourcesBuildPhase section */
		6A0D453427DAB7B1006266BC /* Resources */ = {
			isa = PBXResourcesBuildPhase;
			buildActionMask = 2147483647;
			files = (
				6A0D454627DAB7B3006266BC /* LaunchScreen.storyboard in Resources */,
				6A0D456E27DAFC3F006266BC /* Media.xcassets in Resources */,
				6A0D454127DAB7B1006266BC /* Main.storyboard in Resources */,
			);
			runOnlyForDeploymentPostprocessing = 0;
		};
		6A0D454A27DAB7B3006266BC /* Resources */ = {
			isa = PBXResourcesBuildPhase;
			buildActionMask = 2147483647;
			files = (
			);
			runOnlyForDeploymentPostprocessing = 0;
		};
		6A0D455427DAB7B3006266BC /* Resources */ = {
			isa = PBXResourcesBuildPhase;
			buildActionMask = 2147483647;
			files = (
			);
			runOnlyForDeploymentPostprocessing = 0;
		};
/* End PBXResourcesBuildPhase section */

/* Begin PBXShellScriptBuildPhase section */
		39C7BCB520AC7EEEA00DA8C4 /* [CP] Check Pods Manifest.lock */ = {
			isa = PBXShellScriptBuildPhase;
			buildActionMask = 2147483647;
			files = (
			);
			inputFileListPaths = (
			);
			inputPaths = (
				"${PODS_PODFILE_DIR_PATH}/Podfile.lock",
				"${PODS_ROOT}/Manifest.lock",
			);
			name = "[CP] Check Pods Manifest.lock";
			outputFileListPaths = (
			);
			outputPaths = (
				"$(DERIVED_FILE_DIR)/Pods-instagram-checkManifestLockResult.txt",
			);
			runOnlyForDeploymentPostprocessing = 0;
			shellPath = /bin/sh;
			shellScript = "diff \"${PODS_PODFILE_DIR_PATH}/Podfile.lock\" \"${PODS_ROOT}/Manifest.lock\" > /dev/null\nif [ $? != 0 ] ; then\n    # print error to STDERR\n    echo \"error: The sandbox is not in sync with the Podfile.lock. Run 'pod install' or update your CocoaPods installation.\" >&2\n    exit 1\nfi\n# This output is used by Xcode 'outputs' to avoid re-running this script phase.\necho \"SUCCESS\" > \"${SCRIPT_OUTPUT_FILE_0}\"\n";
			showEnvVarsInLog = 0;
		};
		43D978E3FE3BDAB2222862DA /* [CP] Check Pods Manifest.lock */ = {
			isa = PBXShellScriptBuildPhase;
			buildActionMask = 2147483647;
			files = (
			);
			inputFileListPaths = (
			);
			inputPaths = (
				"${PODS_PODFILE_DIR_PATH}/Podfile.lock",
				"${PODS_ROOT}/Manifest.lock",
			);
			name = "[CP] Check Pods Manifest.lock";
			outputFileListPaths = (
			);
			outputPaths = (
				"$(DERIVED_FILE_DIR)/Pods-instagramUITests-checkManifestLockResult.txt",
			);
			runOnlyForDeploymentPostprocessing = 0;
			shellPath = /bin/sh;
			shellScript = "diff \"${PODS_PODFILE_DIR_PATH}/Podfile.lock\" \"${PODS_ROOT}/Manifest.lock\" > /dev/null\nif [ $? != 0 ] ; then\n    # print error to STDERR\n    echo \"error: The sandbox is not in sync with the Podfile.lock. Run 'pod install' or update your CocoaPods installation.\" >&2\n    exit 1\nfi\n# This output is used by Xcode 'outputs' to avoid re-running this script phase.\necho \"SUCCESS\" > \"${SCRIPT_OUTPUT_FILE_0}\"\n";
			showEnvVarsInLog = 0;
		};
		831955CA4F378BCB447D85F4 /* [CP] Embed Pods Frameworks */ = {
			isa = PBXShellScriptBuildPhase;
			buildActionMask = 2147483647;
			files = (
			);
			inputFileListPaths = (
				"${PODS_ROOT}/Target Support Files/Pods-instagram/Pods-instagram-frameworks-${CONFIGURATION}-input-files.xcfilelist",
			);
			name = "[CP] Embed Pods Frameworks";
			outputFileListPaths = (
				"${PODS_ROOT}/Target Support Files/Pods-instagram/Pods-instagram-frameworks-${CONFIGURATION}-output-files.xcfilelist",
			);
			runOnlyForDeploymentPostprocessing = 0;
			shellPath = /bin/sh;
			shellScript = "\"${PODS_ROOT}/Target Support Files/Pods-instagram/Pods-instagram-frameworks.sh\"\n";
			showEnvVarsInLog = 0;
		};
		D0B1E420DB5255E1BAD2D263 /* [CP] Copy Pods Resources */ = {
			isa = PBXShellScriptBuildPhase;
			buildActionMask = 2147483647;
			files = (
			);
			inputFileListPaths = (
				"${PODS_ROOT}/Target Support Files/Pods-instagramTests/Pods-instagramTests-resources-${CONFIGURATION}-input-files.xcfilelist",
			);
			name = "[CP] Copy Pods Resources";
			outputFileListPaths = (
				"${PODS_ROOT}/Target Support Files/Pods-instagramTests/Pods-instagramTests-resources-${CONFIGURATION}-output-files.xcfilelist",
			);
			runOnlyForDeploymentPostprocessing = 0;
			shellPath = /bin/sh;
			shellScript = "\"${PODS_ROOT}/Target Support Files/Pods-instagramTests/Pods-instagramTests-resources.sh\"\n";
			showEnvVarsInLog = 0;
		};
		DEA93808261E8C753EEC458E /* [CP] Check Pods Manifest.lock */ = {
			isa = PBXShellScriptBuildPhase;
			buildActionMask = 2147483647;
			files = (
			);
			inputFileListPaths = (
			);
			inputPaths = (
				"${PODS_PODFILE_DIR_PATH}/Podfile.lock",
				"${PODS_ROOT}/Manifest.lock",
			);
			name = "[CP] Check Pods Manifest.lock";
			outputFileListPaths = (
			);
			outputPaths = (
				"$(DERIVED_FILE_DIR)/Pods-instagramTests-checkManifestLockResult.txt",
			);
			runOnlyForDeploymentPostprocessing = 0;
			shellPath = /bin/sh;
			shellScript = "diff \"${PODS_PODFILE_DIR_PATH}/Podfile.lock\" \"${PODS_ROOT}/Manifest.lock\" > /dev/null\nif [ $? != 0 ] ; then\n    # print error to STDERR\n    echo \"error: The sandbox is not in sync with the Podfile.lock. Run 'pod install' or update your CocoaPods installation.\" >&2\n    exit 1\nfi\n# This output is used by Xcode 'outputs' to avoid re-running this script phase.\necho \"SUCCESS\" > \"${SCRIPT_OUTPUT_FILE_0}\"\n";
			showEnvVarsInLog = 0;
		};
		FBA03F8C11F2511A9CADD1EE /* [CP] Copy Pods Resources */ = {
			isa = PBXShellScriptBuildPhase;
			buildActionMask = 2147483647;
			files = (
			);
			inputFileListPaths = (
				"${PODS_ROOT}/Target Support Files/Pods-instagramUITests/Pods-instagramUITests-resources-${CONFIGURATION}-input-files.xcfilelist",
			);
			name = "[CP] Copy Pods Resources";
			outputFileListPaths = (
				"${PODS_ROOT}/Target Support Files/Pods-instagramUITests/Pods-instagramUITests-resources-${CONFIGURATION}-output-files.xcfilelist",
			);
			runOnlyForDeploymentPostprocessing = 0;
			shellPath = /bin/sh;
			shellScript = "\"${PODS_ROOT}/Target Support Files/Pods-instagramUITests/Pods-instagramUITests-resources.sh\"\n";
			showEnvVarsInLog = 0;
		};
/* End PBXShellScriptBuildPhase section */

/* Begin PBXSourcesBuildPhase section */
		6A0D453227DAB7B1006266BC /* Sources */ = {
			isa = PBXSourcesBuildPhase;
			buildActionMask = 2147483647;
			files = (
				6A0D456A27DAD0EF006266BC /* LoginViewController.swift in Sources */,
				6A0D457027DB0104006266BC /* CameraViewController.swift in Sources */,
				6A0D453A27DAB7B1006266BC /* AppDelegate.swift in Sources */,
				6A0D456C27DAD0FC006266BC /* FeedViewController.swift in Sources */,
				6A0D453C27DAB7B1006266BC /* SceneDelegate.swift in Sources */,
				6A0D457227DB17B1006266BC /* PostCell.swift in Sources */,
				6A5D5CF327E4309700BC6227 /* CommentsCell.swift in Sources */,
			);
			runOnlyForDeploymentPostprocessing = 0;
		};
		6A0D454827DAB7B3006266BC /* Sources */ = {
			isa = PBXSourcesBuildPhase;
			buildActionMask = 2147483647;
			files = (
				6A0D455127DAB7B3006266BC /* instagramTests.swift in Sources */,
			);
			runOnlyForDeploymentPostprocessing = 0;
		};
		6A0D455227DAB7B3006266BC /* Sources */ = {
			isa = PBXSourcesBuildPhase;
			buildActionMask = 2147483647;
			files = (
				6A0D455B27DAB7B3006266BC /* instagramUITests.swift in Sources */,
				6A0D455D27DAB7B3006266BC /* instagramUITestsLaunchTests.swift in Sources */,
			);
			runOnlyForDeploymentPostprocessing = 0;
		};
/* End PBXSourcesBuildPhase section */

/* Begin PBXTargetDependency section */
		6A0D454E27DAB7B3006266BC /* PBXTargetDependency */ = {
			isa = PBXTargetDependency;
			target = 6A0D453527DAB7B1006266BC /* instagram */;
			targetProxy = 6A0D454D27DAB7B3006266BC /* PBXContainerItemProxy */;
		};
		6A0D455827DAB7B3006266BC /* PBXTargetDependency */ = {
			isa = PBXTargetDependency;
			target = 6A0D453527DAB7B1006266BC /* instagram */;
			targetProxy = 6A0D455727DAB7B3006266BC /* PBXContainerItemProxy */;
		};
/* End PBXTargetDependency section */

/* Begin PBXVariantGroup section */
		6A0D453F27DAB7B1006266BC /* Main.storyboard */ = {
			isa = PBXVariantGroup;
			children = (
				6A0D454027DAB7B1006266BC /* Base */,
			);
			name = Main.storyboard;
			sourceTree = "<group>";
		};
		6A0D454427DAB7B3006266BC /* LaunchScreen.storyboard */ = {
			isa = PBXVariantGroup;
			children = (
				6A0D454527DAB7B3006266BC /* Base */,
			);
			name = LaunchScreen.storyboard;
			sourceTree = "<group>";
		};
/* End PBXVariantGroup section */

/* Begin XCBuildConfiguration section */
		6A0D455E27DAB7B3006266BC /* Debug */ = {
			isa = XCBuildConfiguration;
			buildSettings = {
				ALWAYS_SEARCH_USER_PATHS = NO;
				CLANG_ANALYZER_NONNULL = YES;
				CLANG_ANALYZER_NUMBER_OBJECT_CONVERSION = YES_AGGRESSIVE;
				CLANG_CXX_LANGUAGE_STANDARD = "gnu++17";
				CLANG_CXX_LIBRARY = "libc++";
				CLANG_ENABLE_MODULES = YES;
				CLANG_ENABLE_OBJC_ARC = YES;
				CLANG_ENABLE_OBJC_WEAK = YES;
				CLANG_WARN_BLOCK_CAPTURE_AUTORELEASING = YES;
				CLANG_WARN_BOOL_CONVERSION = YES;
				CLANG_WARN_COMMA = YES;
				CLANG_WARN_CONSTANT_CONVERSION = YES;
				CLANG_WARN_DEPRECATED_OBJC_IMPLEMENTATIONS = YES;
				CLANG_WARN_DIRECT_OBJC_ISA_USAGE = YES_ERROR;
				CLANG_WARN_DOCUMENTATION_COMMENTS = YES;
				CLANG_WARN_EMPTY_BODY = YES;
				CLANG_WARN_ENUM_CONVERSION = YES;
				CLANG_WARN_INFINITE_RECURSION = YES;
				CLANG_WARN_INT_CONVERSION = YES;
				CLANG_WARN_NON_LITERAL_NULL_CONVERSION = YES;
				CLANG_WARN_OBJC_IMPLICIT_RETAIN_SELF = YES;
				CLANG_WARN_OBJC_LITERAL_CONVERSION = YES;
				CLANG_WARN_OBJC_ROOT_CLASS = YES_ERROR;
				CLANG_WARN_QUOTED_INCLUDE_IN_FRAMEWORK_HEADER = YES;
				CLANG_WARN_RANGE_LOOP_ANALYSIS = YES;
				CLANG_WARN_STRICT_PROTOTYPES = YES;
				CLANG_WARN_SUSPICIOUS_MOVE = YES;
				CLANG_WARN_UNGUARDED_AVAILABILITY = YES_AGGRESSIVE;
				CLANG_WARN_UNREACHABLE_CODE = YES;
				CLANG_WARN__DUPLICATE_METHOD_MATCH = YES;
				COPY_PHASE_STRIP = NO;
				DEBUG_INFORMATION_FORMAT = dwarf;
				ENABLE_STRICT_OBJC_MSGSEND = YES;
				ENABLE_TESTABILITY = YES;
				GCC_C_LANGUAGE_STANDARD = gnu11;
				GCC_DYNAMIC_NO_PIC = NO;
				GCC_NO_COMMON_BLOCKS = YES;
				GCC_OPTIMIZATION_LEVEL = 0;
				GCC_PREPROCESSOR_DEFINITIONS = (
					"DEBUG=1",
					"$(inherited)",
				);
				GCC_WARN_64_TO_32_BIT_CONVERSION = YES;
				GCC_WARN_ABOUT_RETURN_TYPE = YES_ERROR;
				GCC_WARN_UNDECLARED_SELECTOR = YES;
				GCC_WARN_UNINITIALIZED_AUTOS = YES_AGGRESSIVE;
				GCC_WARN_UNUSED_FUNCTION = YES;
				GCC_WARN_UNUSED_VARIABLE = YES;
				IPHONEOS_DEPLOYMENT_TARGET = 15.2;
				MTL_ENABLE_DEBUG_INFO = INCLUDE_SOURCE;
				MTL_FAST_MATH = YES;
				ONLY_ACTIVE_ARCH = YES;
				SDKROOT = iphoneos;
				SWIFT_ACTIVE_COMPILATION_CONDITIONS = DEBUG;
				SWIFT_OPTIMIZATION_LEVEL = "-Onone";
			};
			name = Debug;
		};
		6A0D455F27DAB7B3006266BC /* Release */ = {
			isa = XCBuildConfiguration;
			buildSettings = {
				ALWAYS_SEARCH_USER_PATHS = NO;
				CLANG_ANALYZER_NONNULL = YES;
				CLANG_ANALYZER_NUMBER_OBJECT_CONVERSION = YES_AGGRESSIVE;
				CLANG_CXX_LANGUAGE_STANDARD = "gnu++17";
				CLANG_CXX_LIBRARY = "libc++";
				CLANG_ENABLE_MODULES = YES;
				CLANG_ENABLE_OBJC_ARC = YES;
				CLANG_ENABLE_OBJC_WEAK = YES;
				CLANG_WARN_BLOCK_CAPTURE_AUTORELEASING = YES;
				CLANG_WARN_BOOL_CONVERSION = YES;
				CLANG_WARN_COMMA = YES;
				CLANG_WARN_CONSTANT_CONVERSION = YES;
				CLANG_WARN_DEPRECATED_OBJC_IMPLEMENTATIONS = YES;
				CLANG_WARN_DIRECT_OBJC_ISA_USAGE = YES_ERROR;
				CLANG_WARN_DOCUMENTATION_COMMENTS = YES;
				CLANG_WARN_EMPTY_BODY = YES;
				CLANG_WARN_ENUM_CONVERSION = YES;
				CLANG_WARN_INFINITE_RECURSION = YES;
				CLANG_WARN_INT_CONVERSION = YES;
				CLANG_WARN_NON_LITERAL_NULL_CONVERSION = YES;
				CLANG_WARN_OBJC_IMPLICIT_RETAIN_SELF = YES;
				CLANG_WARN_OBJC_LITERAL_CONVERSION = YES;
				CLANG_WARN_OBJC_ROOT_CLASS = YES_ERROR;
				CLANG_WARN_QUOTED_INCLUDE_IN_FRAMEWORK_HEADER = YES;
				CLANG_WARN_RANGE_LOOP_ANALYSIS = YES;
				CLANG_WARN_STRICT_PROTOTYPES = YES;
				CLANG_WARN_SUSPICIOUS_MOVE = YES;
				CLANG_WARN_UNGUARDED_AVAILABILITY = YES_AGGRESSIVE;
				CLANG_WARN_UNREACHABLE_CODE = YES;
				CLANG_WARN__DUPLICATE_METHOD_MATCH = YES;
				COPY_PHASE_STRIP = NO;
				DEBUG_INFORMATION_FORMAT = "dwarf-with-dsym";
				ENABLE_NS_ASSERTIONS = NO;
				ENABLE_STRICT_OBJC_MSGSEND = YES;
				GCC_C_LANGUAGE_STANDARD = gnu11;
				GCC_NO_COMMON_BLOCKS = YES;
				GCC_WARN_64_TO_32_BIT_CONVERSION = YES;
				GCC_WARN_ABOUT_RETURN_TYPE = YES_ERROR;
				GCC_WARN_UNDECLARED_SELECTOR = YES;
				GCC_WARN_UNINITIALIZED_AUTOS = YES_AGGRESSIVE;
				GCC_WARN_UNUSED_FUNCTION = YES;
				GCC_WARN_UNUSED_VARIABLE = YES;
				IPHONEOS_DEPLOYMENT_TARGET = 15.2;
				MTL_ENABLE_DEBUG_INFO = NO;
				MTL_FAST_MATH = YES;
				SDKROOT = iphoneos;
				SWIFT_COMPILATION_MODE = wholemodule;
				SWIFT_OPTIMIZATION_LEVEL = "-O";
				VALIDATE_PRODUCT = YES;
			};
			name = Release;
		};
		6A0D456127DAB7B3006266BC /* Debug */ = {
			isa = XCBuildConfiguration;
			baseConfigurationReference = BB0536094F05D1B0A93B7FBF /* Pods-instagram.debug.xcconfig */;
			buildSettings = {
				ASSETCATALOG_COMPILER_APPICON_NAME = AppIcon;
				ASSETCATALOG_COMPILER_GLOBAL_ACCENT_COLOR_NAME = AccentColor;
				CODE_SIGN_STYLE = Automatic;
				CURRENT_PROJECT_VERSION = 1;
				DEVELOPMENT_TEAM = 4Y9CS9QX72;
				GENERATE_INFOPLIST_FILE = YES;
				INFOPLIST_FILE = instagram/Info.plist;
				INFOPLIST_KEY_UIApplicationSupportsIndirectInputEvents = YES;
				INFOPLIST_KEY_UILaunchStoryboardName = LaunchScreen;
				INFOPLIST_KEY_UIMainStoryboardFile = Main;
				INFOPLIST_KEY_UISupportedInterfaceOrientations_iPad = "UIInterfaceOrientationPortrait UIInterfaceOrientationPortraitUpsideDown UIInterfaceOrientationLandscapeLeft UIInterfaceOrientationLandscapeRight";
				INFOPLIST_KEY_UISupportedInterfaceOrientations_iPhone = "UIInterfaceOrientationPortrait UIInterfaceOrientationLandscapeLeft UIInterfaceOrientationLandscapeRight";
				LD_RUNPATH_SEARCH_PATHS = (
					"$(inherited)",
					"@executable_path/Frameworks",
				);
				MARKETING_VERSION = 1.0;
				PRODUCT_BUNDLE_IDENTIFIER = com.EvaSennrich.instagram;
				PRODUCT_NAME = "$(TARGET_NAME)";
				SWIFT_EMIT_LOC_STRINGS = YES;
				SWIFT_VERSION = 5.0;
				TARGETED_DEVICE_FAMILY = "1,2";
			};
			name = Debug;
		};
		6A0D456227DAB7B3006266BC /* Release */ = {
			isa = XCBuildConfiguration;
			baseConfigurationReference = 098D945B0BA0979DD3BFCA99 /* Pods-instagram.release.xcconfig */;
			buildSettings = {
				ASSETCATALOG_COMPILER_APPICON_NAME = AppIcon;
				ASSETCATALOG_COMPILER_GLOBAL_ACCENT_COLOR_NAME = AccentColor;
				CODE_SIGN_STYLE = Automatic;
				CURRENT_PROJECT_VERSION = 1;
				DEVELOPMENT_TEAM = 4Y9CS9QX72;
				GENERATE_INFOPLIST_FILE = YES;
				INFOPLIST_FILE = instagram/Info.plist;
				INFOPLIST_KEY_UIApplicationSupportsIndirectInputEvents = YES;
				INFOPLIST_KEY_UILaunchStoryboardName = LaunchScreen;
				INFOPLIST_KEY_UIMainStoryboardFile = Main;
				INFOPLIST_KEY_UISupportedInterfaceOrientations_iPad = "UIInterfaceOrientationPortrait UIInterfaceOrientationPortraitUpsideDown UIInterfaceOrientationLandscapeLeft UIInterfaceOrientationLandscapeRight";
				INFOPLIST_KEY_UISupportedInterfaceOrientations_iPhone = "UIInterfaceOrientationPortrait UIInterfaceOrientationLandscapeLeft UIInterfaceOrientationLandscapeRight";
				LD_RUNPATH_SEARCH_PATHS = (
					"$(inherited)",
					"@executable_path/Frameworks",
				);
				MARKETING_VERSION = 1.0;
				PRODUCT_BUNDLE_IDENTIFIER = com.EvaSennrich.instagram;
				PRODUCT_NAME = "$(TARGET_NAME)";
				SWIFT_EMIT_LOC_STRINGS = YES;
				SWIFT_VERSION = 5.0;
				TARGETED_DEVICE_FAMILY = "1,2";
			};
			name = Release;
		};
		6A0D456427DAB7B3006266BC /* Debug */ = {
			isa = XCBuildConfiguration;
			baseConfigurationReference = 0CE6BDD71BDC526380EC4CEB /* Pods-instagramTests.debug.xcconfig */;
			buildSettings = {
				ALWAYS_EMBED_SWIFT_STANDARD_LIBRARIES = YES;
				BUNDLE_LOADER = "$(TEST_HOST)";
				CODE_SIGN_STYLE = Automatic;
				CURRENT_PROJECT_VERSION = 1;
				DEVELOPMENT_TEAM = 4Y9CS9QX72;
				GENERATE_INFOPLIST_FILE = YES;
				IPHONEOS_DEPLOYMENT_TARGET = 15.2;
				MARKETING_VERSION = 1.0;
				PRODUCT_BUNDLE_IDENTIFIER = com.EvaSennrich.instagramTests;
				PRODUCT_NAME = "$(TARGET_NAME)";
				SWIFT_EMIT_LOC_STRINGS = NO;
				SWIFT_VERSION = 5.0;
				TARGETED_DEVICE_FAMILY = "1,2";
				TEST_HOST = "$(BUILT_PRODUCTS_DIR)/instagram.app/instagram";
			};
			name = Debug;
		};
		6A0D456527DAB7B3006266BC /* Release */ = {
			isa = XCBuildConfiguration;
			baseConfigurationReference = E6B37264E273491AF568F83E /* Pods-instagramTests.release.xcconfig */;
			buildSettings = {
				ALWAYS_EMBED_SWIFT_STANDARD_LIBRARIES = YES;
				BUNDLE_LOADER = "$(TEST_HOST)";
				CODE_SIGN_STYLE = Automatic;
				CURRENT_PROJECT_VERSION = 1;
				DEVELOPMENT_TEAM = 4Y9CS9QX72;
				GENERATE_INFOPLIST_FILE = YES;
				IPHONEOS_DEPLOYMENT_TARGET = 15.2;
				MARKETING_VERSION = 1.0;
				PRODUCT_BUNDLE_IDENTIFIER = com.EvaSennrich.instagramTests;
				PRODUCT_NAME = "$(TARGET_NAME)";
				SWIFT_EMIT_LOC_STRINGS = NO;
				SWIFT_VERSION = 5.0;
				TARGETED_DEVICE_FAMILY = "1,2";
				TEST_HOST = "$(BUILT_PRODUCTS_DIR)/instagram.app/instagram";
			};
			name = Release;
		};
		6A0D456727DAB7B3006266BC /* Debug */ = {
			isa = XCBuildConfiguration;
			baseConfigurationReference = 9FEFA98D67E30DF5F14CDAF3 /* Pods-instagramUITests.debug.xcconfig */;
			buildSettings = {
				ALWAYS_EMBED_SWIFT_STANDARD_LIBRARIES = YES;
				CODE_SIGN_STYLE = Automatic;
				CURRENT_PROJECT_VERSION = 1;
				DEVELOPMENT_TEAM = 4Y9CS9QX72;
				GENERATE_INFOPLIST_FILE = YES;
				MARKETING_VERSION = 1.0;
				PRODUCT_BUNDLE_IDENTIFIER = com.EvaSennrich.instagramUITests;
				PRODUCT_NAME = "$(TARGET_NAME)";
				SWIFT_EMIT_LOC_STRINGS = NO;
				SWIFT_VERSION = 5.0;
				TARGETED_DEVICE_FAMILY = "1,2";
				TEST_TARGET_NAME = instagram;
			};
			name = Debug;
		};
		6A0D456827DAB7B3006266BC /* Release */ = {
			isa = XCBuildConfiguration;
			baseConfigurationReference = 305C18FC4716DFE6796BB8B5 /* Pods-instagramUITests.release.xcconfig */;
			buildSettings = {
				ALWAYS_EMBED_SWIFT_STANDARD_LIBRARIES = YES;
				CODE_SIGN_STYLE = Automatic;
				CURRENT_PROJECT_VERSION = 1;
				DEVELOPMENT_TEAM = 4Y9CS9QX72;
				GENERATE_INFOPLIST_FILE = YES;
				MARKETING_VERSION = 1.0;
				PRODUCT_BUNDLE_IDENTIFIER = com.EvaSennrich.instagramUITests;
				PRODUCT_NAME = "$(TARGET_NAME)";
				SWIFT_EMIT_LOC_STRINGS = NO;
				SWIFT_VERSION = 5.0;
				TARGETED_DEVICE_FAMILY = "1,2";
				TEST_TARGET_NAME = instagram;
			};
			name = Release;
		};
/* End XCBuildConfiguration section */

/* Begin XCConfigurationList section */
		6A0D453127DAB7B1006266BC /* Build configuration list for PBXProject "instagram" */ = {
			isa = XCConfigurationList;
			buildConfigurations = (
				6A0D455E27DAB7B3006266BC /* Debug */,
				6A0D455F27DAB7B3006266BC /* Release */,
			);
			defaultConfigurationIsVisible = 0;
			defaultConfigurationName = Release;
		};
		6A0D456027DAB7B3006266BC /* Build configuration list for PBXNativeTarget "instagram" */ = {
			isa = XCConfigurationList;
			buildConfigurations = (
				6A0D456127DAB7B3006266BC /* Debug */,
				6A0D456227DAB7B3006266BC /* Release */,
			);
			defaultConfigurationIsVisible = 0;
			defaultConfigurationName = Release;
		};
		6A0D456327DAB7B3006266BC /* Build configuration list for PBXNativeTarget "instagramTests" */ = {
			isa = XCConfigurationList;
			buildConfigurations = (
				6A0D456427DAB7B3006266BC /* Debug */,
				6A0D456527DAB7B3006266BC /* Release */,
			);
			defaultConfigurationIsVisible = 0;
			defaultConfigurationName = Release;
		};
		6A0D456627DAB7B3006266BC /* Build configuration list for PBXNativeTarget "instagramUITests" */ = {
			isa = XCConfigurationList;
			buildConfigurations = (
				6A0D456727DAB7B3006266BC /* Debug */,
				6A0D456827DAB7B3006266BC /* Release */,
			);
			defaultConfigurationIsVisible = 0;
			defaultConfigurationName = Release;
		};
/* End XCConfigurationList section */
	};
	rootObject = 6A0D452E27DAB7B1006266BC /* Project object */;
}
