// !$*UTF8*$!
{
	archiveVersion = 1;
	classes = {
	};
	objectVersion = 55;
	objects = {

/* Begin PBXBuildFile section */
		6A0D453A27DAB7B1006266BC /* AppDelegate.swift in Sources */ = {isa = PBXBuildFile; fileRef = 6A0D453927DAB7B1006266BC /* AppDelegate.swift */; };
		6A0D453C27DAB7B1006266BC /* SceneDelegate.swift in Sources */ = {isa = PBXBuildFile; fileRef = 6A0D453B27DAB7B1006266BC /* SceneDelegate.swift */; };
		6A0D453E27DAB7B1006266BC /* ViewController.swift in Sources */ = {isa = PBXBuildFile; fileRef = 6A0D453D27DAB7B1006266BC /* ViewController.swift */; };
		6A0D454127DAB7B1006266BC /* Main.storyboard in Resources */ = {isa = PBXBuildFile; fileRef = 6A0D453F27DAB7B1006266BC /* Main.storyboard */; };
		6A0D454327DAB7B3006266BC /* Assets.xcassets in Resources */ = {isa = PBXBuildFile; fileRef = 6A0D454227DAB7B3006266BC /* Assets.xcassets */; };
		6A0D454627DAB7B3006266BC /* LaunchScreen.storyboard in Resources */ = {isa = PBXBuildFile; fileRef = 6A0D454427DAB7B3006266BC /* LaunchScreen.storyboard */; };
		6A0D455127DAB7B3006266BC /* instagramTests.swift in Sources */ = {isa = PBXBuildFile; fileRef = 6A0D455027DAB7B3006266BC /* instagramTests.swift */; };
		6A0D455B27DAB7B3006266BC /* instagramUITests.swift in Sources */ = {isa = PBXBuildFile; fileRef = 6A0D455A27DAB7B3006266BC /* instagramUITests.swift */; };
		6A0D455D27DAB7B3006266BC /* instagramUITestsLaunchTests.swift in Sources */ = {isa = PBXBuildFile; fileRef = 6A0D455C27DAB7B3006266BC /* instagramUITestsLaunchTests.swift */; };
/* End PBXBuildFile section */

/* Begin PBXContainerItemProxy section */
		6A0D454D27DAB7B3006266BC /* PBXContainerItemProxy */ = {
			isa = PBXContainerItemProxy;
			containerPortal = 6A0D452E27DAB7B1006266BC /* Project object */;
			proxyType = 1;
			remoteGlobalIDString = 6A0D453527DAB7B1006266BC;
			remoteInfo = instagram;
		};
		6A0D455727DAB7B3006266BC /* PBXContainerItemProxy */ = {
			isa = PBXContainerItemProxy;
			containerPortal = 6A0D452E27DAB7B1006266BC /* Project object */;
			proxyType = 1;
			remoteGlobalIDString = 6A0D453527DAB7B1006266BC;
			remoteInfo = instagram;
		};
/* End PBXContainerItemProxy section */

/* Begin PBXFileReference section */
		6A0D453627DAB7B1006266BC /* instagram.app */ = {isa = PBXFileReference; explicitFileType = wrapper.application; includeInIndex = 0; path = instagram.app; sourceTree = BUILT_PRODUCTS_DIR; };
		6A0D453927DAB7B1006266BC /* AppDelegate.swift */ = {isa = PBXFileReference; lastKnownFileType = sourcecode.swift; path = AppDelegate.swift; sourceTree = "<group>"; };
		6A0D453B27DAB7B1006266BC /* SceneDelegate.swift */ = {isa = PBXFileReference; lastKnownFileType = sourcecode.swift; path = SceneDelegate.swift; sourceTree = "<group>"; };
		6A0D453D27DAB7B1006266BC /* ViewController.swift */ = {isa = PBXFileReference; lastKnownFileType = sourcecode.swift; path = ViewController.swift; sourceTree = "<group>"; };
		6A0D454027DAB7B1006266BC /* Base */ = {isa = PBXFileReference; lastKnownFileType = file.storyboard; name = Base; path = Base.lproj/Main.storyboard; sourceTree = "<group>"; };
		6A0D454227DAB7B3006266BC /* Assets.xcassets */ = {isa = PBXFileReference; lastKnownFileType = folder.assetcatalog; path = Assets.xcassets; sourceTree = "<group>"; };
		6A0D454527DAB7B3006266BC /* Base */ = {isa = PBXFileReference; lastKnownFileType = file.storyboard; name = Base; path = Base.lproj/LaunchScreen.storyboard; sourceTree = "<group>"; };
		6A0D454727DAB7B3006266BC /* Info.plist */ = {isa = PBXFileReference; lastKnownFileType = text.plist.xml; path = Info.plist; sourceTree = "<group>"; };
		6A0D454C27DAB7B3006266BC /* instagramTests.xctest */ = {isa = PBXFileReference; explicitFileType = wrapper.cfbundle; includeInIndex = 0; path = instagramTests.xctest; sourceTree = BUILT_PRODUCTS_DIR; };
		6A0D455027DAB7B3006266BC /* instagramTests.swift */ = {isa = PBXFileReference; lastKnownFileType = sourcecode.swift; path = instagramTests.swift; sourceTree = "<group>"; };
		6A0D455627DAB7B3006266BC /* instagramUITests.xctest */ = {isa = PBXFileReference; explicitFileType = wrapper.cfbundle; includeInIndex = 0; path = instagramUITests.xctest; sourceTree = BUILT_PRODUCTS_DIR; };
		6A0D455A27DAB7B3006266BC /* instagramUITests.swift */ = {isa = PBXFileReference; lastKnownFileType = sourcecode.swift; path = instagramUITests.swift; sourceTree = "<group>"; };
		6A0D455C27DAB7B3006266BC /* instagramUITestsLaunchTests.swift */ = {isa = PBXFileReference; lastKnownFileType = sourcecode.swift; path = instagramUITestsLaunchTests.swift; sourceTree = "<group>"; };
/* End PBXFileReference section */

/* Begin PBXFrameworksBuildPhase section */
		6A0D453327DAB7B1006266BC /* Frameworks */ = {
			isa = PBXFrameworksBuildPhase;
			buildActionMask = 2147483647;
			files = (
			);
			runOnlyForDeploymentPostprocessing = 0;
		};
		6A0D454927DAB7B3006266BC /* Frameworks */ = {
			isa = PBXFrameworksBuildPhase;
			buildActionMask = 2147483647;
			files = (
			);
			runOnlyForDeploymentPostprocessing = 0;
		};
		6A0D455327DAB7B3006266BC /* Frameworks */ = {
			isa = PBXFrameworksBuildPhase;
			buildActionMask = 2147483647;
			files = (
			);
			runOnlyForDeploymentPostprocessing = 0;
		};
/* End PBXFrameworksBuildPhase section */

/* Begin PBXGroup section */
		6A0D452D27DAB7B1006266BC = {
			isa = PBXGroup;
			children = (
				6A0D453827DAB7B1006266BC /* instagram */,
				6A0D454F27DAB7B3006266BC /* instagramTests */,
				6A0D455927DAB7B3006266BC /* instagramUITests */,
				6A0D453727DAB7B1006266BC /* Products */,
			);
			sourceTree = "<group>";
		};
		6A0D453727DAB7B1006266BC /* Products */ = {
			isa = PBXGroup;
			children = (
				6A0D453627DAB7B1006266BC /* instagram.app */,
				6A0D454C27DAB7B3006266BC /* instagramTests.xctest */,
				6A0D455627DAB7B3006266BC /* instagramUITests.xctest */,
			);
			name = Products;
			sourceTree = "<group>";
		};
		6A0D453827DAB7B1006266BC /* instagram */ = {
			isa = PBXGroup;
			children = (
				6A0D453927DAB7B1006266BC /* AppDelegate.swift */,
				6A0D453B27DAB7B1006266BC /* SceneDelegate.swift */,
				6A0D453D27DAB7B1006266BC /* ViewController.swift */,
				6A0D453F27DAB7B1006266BC /* Main.storyboard */,
				6A0D454227DAB7B3006266BC /* Assets.xcassets */,
				6A0D454427DAB7B3006266BC /* LaunchScreen.storyboard */,
				6A0D454727DAB7B3006266BC /* Info.plist */,
			);
			path = instagram;
			sourceTree = "<group>";
		};
		6A0D454F27DAB7B3006266BC /* instagramTests */ = {
			isa = PBXGroup;
			children = (
				6A0D455027DAB7B3006266BC /* instagramTests.swift */,
			);
			path = instagramTests;
			sourceTree = "<group>";
		};
		6A0D455927DAB7B3006266BC /* instagramUITests */ = {
			isa = PBXGroup;
			children = (
				6A0D455A27DAB7B3006266BC /* instagramUITests.swift */,
				6A0D455C27DAB7B3006266BC /* instagramUITestsLaunchTests.swift */,
			);
			path = instagramUITests;
			sourceTree = "<group>";
		};
/* End PBXGroup section */

/* Begin PBXNativeTarget section */
		6A0D453527DAB7B1006266BC /* instagram */ = {
			isa = PBXNativeTarget;
			buildConfigurationList = 6A0D456027DAB7B3006266BC /* Build configuration list for PBXNativeTarget "instagram" */;
			buildPhases = (
				6A0D453227DAB7B1006266BC /* Sources */,
				6A0D453327DAB7B1006266BC /* Frameworks */,
				6A0D453427DAB7B1006266BC /* Resources */,
			);
			buildRules = (
			);
			dependencies = (
			);
			name = instagram;
			productName = instagram;
			productReference = 6A0D453627DAB7B1006266BC /* instagram.app */;
			productType = "com.apple.product-type.application";
		};
		6A0D454B27DAB7B3006266BC /* instagramTests */ = {
			isa = PBXNativeTarget;
			buildConfigurationList = 6A0D456327DAB7B3006266BC /* Build configuration list for PBXNativeTarget "instagramTests" */;
			buildPhases = (
				6A0D454827DAB7B3006266BC /* Sources */,
				6A0D454927DAB7B3006266BC /* Frameworks */,
				6A0D454A27DAB7B3006266BC /* Resources */,
			);
			buildRules = (
			);
			dependencies = (
				6A0D454E27DAB7B3006266BC /* PBXTargetDependency */,
			);
			name = instagramTests;
			productName = instagramTests;
			productReference = 6A0D454C27DAB7B3006266BC /* instagramTests.xctest */;
			productType = "com.apple.product-type.bundle.unit-test";
		};
		6A0D455527DAB7B3006266BC /* instagramUITests */ = {
			isa = PBXNativeTarget;
			buildConfigurationList = 6A0D456627DAB7B3006266BC /* Build configuration list for PBXNativeTarget "instagramUITests" */;
			buildPhases = (
				6A0D455227DAB7B3006266BC /* Sources */,
				6A0D455327DAB7B3006266BC /* Frameworks */,
				6A0D455427DAB7B3006266BC /* Resources */,
			);
			buildRules = (
			);
			dependencies = (
				6A0D455827DAB7B3006266BC /* PBXTargetDependency */,
			);
			name = instagramUITests;
			productName = instagramUITests;
			productReference = 6A0D455627DAB7B3006266BC /* instagramUITests.xctest */;
			productType = "com.apple.product-type.bundle.ui-testing";
		};
/* End PBXNativeTarget section */

/* Begin PBXProject section */
		6A0D452E27DAB7B1006266BC /* Project object */ = {
			isa = PBXProject;
			attributes = {
				BuildIndependentTargetsInParallel = 1;
				LastSwiftUpdateCheck = 1320;
				LastUpgradeCheck = 1320;
				TargetAttributes = {
					6A0D453527DAB7B1006266BC = {
						CreatedOnToolsVersion = 13.2.1;
					};
					6A0D454B27DAB7B3006266BC = {
						CreatedOnToolsVersion = 13.2.1;
						TestTargetID = 6A0D453527DAB7B1006266BC;
					};
					6A0D455527DAB7B3006266BC = {
						CreatedOnToolsVersion = 13.2.1;
						TestTargetID = 6A0D453527DAB7B1006266BC;
					};
				};
			};
			buildConfigurationList = 6A0D453127DAB7B1006266BC /* Build configuration list for PBXProject "instagram" */;
			compatibilityVersion = "Xcode 13.0";
			developmentRegion = en;
			hasScannedForEncodings = 0;
			knownRegions = (
				en,
				Base,
			);
			mainGroup = 6A0D452D27DAB7B1006266BC;
			productRefGroup = 6A0D453727DAB7B1006266BC /* Products */;
			projectDirPath = "";
			projectRoot = "";
			targets = (
				6A0D453527DAB7B1006266BC /* instagram */,
				6A0D454B27DAB7B3006266BC /* instagramTests */,
				6A0D455527DAB7B3006266BC /* instagramUITests */,
			);
		};
/* End PBXProject section */

/* Begin PBXResourcesBuildPhase section */
		6A0D453427DAB7B1006266BC /* Resources */ = {
			isa = PBXResourcesBuildPhase;
			buildActionMask = 2147483647;
			files = (
				6A0D454627DAB7B3006266BC /* LaunchScreen.storyboard in Resources */,
				6A0D454327DAB7B3006266BC /* Assets.xcassets in Resources */,
				6A0D454127DAB7B1006266BC /* Main.storyboard in Resources */,
			);
			runOnlyForDeploymentPostprocessing = 0;
		};
		6A0D454A27DAB7B3006266BC /* Resources */ = {
			isa = PBXResourcesBuildPhase;
			buildActionMask = 2147483647;
			files = (
			);
			runOnlyForDeploymentPostprocessing = 0;
		};
		6A0D455427DAB7B3006266BC /* Resources */ = {
			isa = PBXResourcesBuildPhase;
			buildActionMask = 2147483647;
			files = (
			);
			runOnlyForDeploymentPostprocessing = 0;
		};
/* End PBXResourcesBuildPhase section */

/* Begin PBXSourcesBuildPhase section */
		6A0D453227DAB7B1006266BC /* Sources */ = {
			isa = PBXSourcesBuildPhase;
			buildActionMask = 2147483647;
			files = (
				6A0D453E27DAB7B1006266BC /* ViewController.swift in Sources */,
				6A0D453A27DAB7B1006266BC /* AppDelegate.swift in Sources */,
				6A0D453C27DAB7B1006266BC /* SceneDelegate.swift in Sources */,
			);
			runOnlyForDeploymentPostprocessing = 0;
		};
		6A0D454827DAB7B3006266BC /* Sources */ = {
			isa = PBXSourcesBuildPhase;
			buildActionMask = 2147483647;
			files = (
				6A0D455127DAB7B3006266BC /* instagramTests.swift in Sources */,
			);
			runOnlyForDeploymentPostprocessing = 0;
		};
		6A0D455227DAB7B3006266BC /* Sources */ = {
			isa = PBXSourcesBuildPhase;
			buildActionMask = 2147483647;
			files = (
				6A0D455B27DAB7B3006266BC /* instagramUITests.swift in Sources */,
				6A0D455D27DAB7B3006266BC /* instagramUITestsLaunchTests.swift in Sources */,
			);
			runOnlyForDeploymentPostprocessing = 0;
		};
/* End PBXSourcesBuildPhase section */

/* Begin PBXTargetDependency section */
		6A0D454E27DAB7B3006266BC /* PBXTargetDependency */ = {
			isa = PBXTargetDependency;
			target = 6A0D453527DAB7B1006266BC /* instagram */;
			targetProxy = 6A0D454D27DAB7B3006266BC /* PBXContainerItemProxy */;
		};
		6A0D455827DAB7B3006266BC /* PBXTargetDependency */ = {
			isa = PBXTargetDependency;
			target = 6A0D453527DAB7B1006266BC /* instagram */;
			targetProxy = 6A0D455727DAB7B3006266BC /* PBXContainerItemProxy */;
		};
/* End PBXTargetDependency section */

/* Begin PBXVariantGroup section */
		6A0D453F27DAB7B1006266BC /* Main.storyboard */ = {
			isa = PBXVariantGroup;
			children = (
				6A0D454027DAB7B1006266BC /* Base */,
			);
			name = Main.storyboard;
			sourceTree = "<group>";
		};
		6A0D454427DAB7B3006266BC /* LaunchScreen.storyboard */ = {
			isa = PBXVariantGroup;
			children = (
				6A0D454527DAB7B3006266BC /* Base */,
			);
			name = LaunchScreen.storyboard;
			sourceTree = "<group>";
		};
/* End PBXVariantGroup section */

/* Begin XCBuildConfiguration section */
		6A0D455E27DAB7B3006266BC /* Debug */ = {
			isa = XCBuildConfiguration;
			buildSettings = {
				ALWAYS_SEARCH_USER_PATHS = NO;
				CLANG_ANALYZER_NONNULL = YES;
				CLANG_ANALYZER_NUMBER_OBJECT_CONVERSION = YES_AGGRESSIVE;
				CLANG_CXX_LANGUAGE_STANDARD = "gnu++17";
				CLANG_CXX_LIBRARY = "libc++";
				CLANG_ENABLE_MODULES = YES;
				CLANG_ENABLE_OBJC_ARC = YES;
				CLANG_ENABLE_OBJC_WEAK = YES;
				CLANG_WARN_BLOCK_CAPTURE_AUTORELEASING = YES;
				CLANG_WARN_BOOL_CONVERSION = YES;
				CLANG_WARN_COMMA = YES;
				CLANG_WARN_CONSTANT_CONVERSION = YES;
				CLANG_WARN_DEPRECATED_OBJC_IMPLEMENTATIONS = YES;
				CLANG_WARN_DIRECT_OBJC_ISA_USAGE = YES_ERROR;
				CLANG_WARN_DOCUMENTATION_COMMENTS = YES;
				CLANG_WARN_EMPTY_BODY = YES;
				CLANG_WARN_ENUM_CONVERSION = YES;
				CLANG_WARN_INFINITE_RECURSION = YES;
				CLANG_WARN_INT_CONVERSION = YES;
				CLANG_WARN_NON_LITERAL_NULL_CONVERSION = YES;
				CLANG_WARN_OBJC_IMPLICIT_RETAIN_SELF = YES;
				CLANG_WARN_OBJC_LITERAL_CONVERSION = YES;
				CLANG_WARN_OBJC_ROOT_CLASS = YES_ERROR;
				CLANG_WARN_QUOTED_INCLUDE_IN_FRAMEWORK_HEADER = YES;
				CLANG_WARN_RANGE_LOOP_ANALYSIS = YES;
				CLANG_WARN_STRICT_PROTOTYPES = YES;
				CLANG_WARN_SUSPICIOUS_MOVE = YES;
				CLANG_WARN_UNGUARDED_AVAILABILITY = YES_AGGRESSIVE;
				CLANG_WARN_UNREACHABLE_CODE = YES;
				CLANG_WARN__DUPLICATE_METHOD_MATCH = YES;
				COPY_PHASE_STRIP = NO;
				DEBUG_INFORMATION_FORMAT = dwarf;
				ENABLE_STRICT_OBJC_MSGSEND = YES;
				ENABLE_TESTABILITY = YES;
				GCC_C_LANGUAGE_STANDARD = gnu11;
				GCC_DYNAMIC_NO_PIC = NO;
				GCC_NO_COMMON_BLOCKS = YES;
				GCC_OPTIMIZATION_LEVEL = 0;
				GCC_PREPROCESSOR_DEFINITIONS = (
					"DEBUG=1",
					"$(inherited)",
				);
				GCC_WARN_64_TO_32_BIT_CONVERSION = YES;
				GCC_WARN_ABOUT_RETURN_TYPE = YES_ERROR;
				GCC_WARN_UNDECLARED_SELECTOR = YES;
				GCC_WARN_UNINITIALIZED_AUTOS = YES_AGGRESSIVE;
				GCC_WARN_UNUSED_FUNCTION = YES;
				GCC_WARN_UNUSED_VARIABLE = YES;
				IPHONEOS_DEPLOYMENT_TARGET = 15.2;
				MTL_ENABLE_DEBUG_INFO = INCLUDE_SOURCE;
				MTL_FAST_MATH = YES;
				ONLY_ACTIVE_ARCH = YES;
				SDKROOT = iphoneos;
				SWIFT_ACTIVE_COMPILATION_CONDITIONS = DEBUG;
				SWIFT_OPTIMIZATION_LEVEL = "-Onone";
			};
			name = Debug;
		};
		6A0D455F27DAB7B3006266BC /* Release */ = {
			isa = XCBuildConfiguration;
			buildSettings = {
				ALWAYS_SEARCH_USER_PATHS = NO;
				CLANG_ANALYZER_NONNULL = YES;
				CLANG_ANALYZER_NUMBER_OBJECT_CONVERSION = YES_AGGRESSIVE;
				CLANG_CXX_LANGUAGE_STANDARD = "gnu++17";
				CLANG_CXX_LIBRARY = "libc++";
				CLANG_ENABLE_MODULES = YES;
				CLANG_ENABLE_OBJC_ARC = YES;
				CLANG_ENABLE_OBJC_WEAK = YES;
				CLANG_WARN_BLOCK_CAPTURE_AUTORELEASING = YES;
				CLANG_WARN_BOOL_CONVERSION = YES;
				CLANG_WARN_COMMA = YES;
				CLANG_WARN_CONSTANT_CONVERSION = YES;
				CLANG_WARN_DEPRECATED_OBJC_IMPLEMENTATIONS = YES;
				CLANG_WARN_DIRECT_OBJC_ISA_USAGE = YES_ERROR;
				CLANG_WARN_DOCUMENTATION_COMMENTS = YES;
				CLANG_WARN_EMPTY_BODY = YES;
				CLANG_WARN_ENUM_CONVERSION = YES;
				CLANG_WARN_INFINITE_RECURSION = YES;
				CLANG_WARN_INT_CONVERSION = YES;
				CLANG_WARN_NON_LITERAL_NULL_CONVERSION = YES;
				CLANG_WARN_OBJC_IMPLICIT_RETAIN_SELF = YES;
				CLANG_WARN_OBJC_LITERAL_CONVERSION = YES;
				CLANG_WARN_OBJC_ROOT_CLASS = YES_ERROR;
				CLANG_WARN_QUOTED_INCLUDE_IN_FRAMEWORK_HEADER = YES;
				CLANG_WARN_RANGE_LOOP_ANALYSIS = YES;
				CLANG_WARN_STRICT_PROTOTYPES = YES;
				CLANG_WARN_SUSPICIOUS_MOVE = YES;
				CLANG_WARN_UNGUARDED_AVAILABILITY = YES_AGGRESSIVE;
				CLANG_WARN_UNREACHABLE_CODE = YES;
				CLANG_WARN__DUPLICATE_METHOD_MATCH = YES;
				COPY_PHASE_STRIP = NO;
				DEBUG_INFORMATION_FORMAT = "dwarf-with-dsym";
				ENABLE_NS_ASSERTIONS = NO;
				ENABLE_STRICT_OBJC_MSGSEND = YES;
				GCC_C_LANGUAGE_STANDARD = gnu11;
				GCC_NO_COMMON_BLOCKS = YES;
				GCC_WARN_64_TO_32_BIT_CONVERSION = YES;
				GCC_WARN_ABOUT_RETURN_TYPE = YES_ERROR;
				GCC_WARN_UNDECLARED_SELECTOR = YES;
				GCC_WARN_UNINITIALIZED_AUTOS = YES_AGGRESSIVE;
				GCC_WARN_UNUSED_FUNCTION = YES;
				GCC_WARN_UNUSED_VARIABLE = YES;
				IPHONEOS_DEPLOYMENT_TARGET = 15.2;
				MTL_ENABLE_DEBUG_INFO = NO;
				MTL_FAST_MATH = YES;
				SDKROOT = iphoneos;
				SWIFT_COMPILATION_MODE = wholemodule;
				SWIFT_OPTIMIZATION_LEVEL = "-O";
				VALIDATE_PRODUCT = YES;
			};
			name = Release;
		};
		6A0D456127DAB7B3006266BC /* Debug */ = {
			isa = XCBuildConfiguration;
			buildSettings = {
				ASSETCATALOG_COMPILER_APPICON_NAME = AppIcon;
				ASSETCATALOG_COMPILER_GLOBAL_ACCENT_COLOR_NAME = AccentColor;
				CODE_SIGN_STYLE = Automatic;
				CURRENT_PROJECT_VERSION = 1;
				DEVELOPMENT_TEAM = 4Y9CS9QX72;
				GENERATE_INFOPLIST_FILE = YES;
				INFOPLIST_FILE = instagram/Info.plist;
				INFOPLIST_KEY_UIApplicationSupportsIndirectInputEvents = YES;
				INFOPLIST_KEY_UILaunchStoryboardName = LaunchScreen;
				INFOPLIST_KEY_UIMainStoryboardFile = Main;
				INFOPLIST_KEY_UISupportedInterfaceOrientations_iPad = "UIInterfaceOrientationPortrait UIInterfaceOrientationPortraitUpsideDown UIInterfaceOrientationLandscapeLeft UIInterfaceOrientationLandscapeRight";
				INFOPLIST_KEY_UISupportedInterfaceOrientations_iPhone = "UIInterfaceOrientationPortrait UIInterfaceOrientationLandscapeLeft UIInterfaceOrientationLandscapeRight";
				LD_RUNPATH_SEARCH_PATHS = (
					"$(inherited)",
					"@executable_path/Frameworks",
				);
				MARKETING_VERSION = 1.0;
				PRODUCT_BUNDLE_IDENTIFIER = com.EvaSennrich.instagram;
				PRODUCT_NAME = "$(TARGET_NAME)";
				SWIFT_EMIT_LOC_STRINGS = YES;
				SWIFT_VERSION = 5.0;
				TARGETED_DEVICE_FAMILY = "1,2";
			};
			name = Debug;
		};
		6A0D456227DAB7B3006266BC /* Release */ = {
			isa = XCBuildConfiguration;
			buildSettings = {
				ASSETCATALOG_COMPILER_APPICON_NAME = AppIcon;
				ASSETCATALOG_COMPILER_GLOBAL_ACCENT_COLOR_NAME = AccentColor;
				CODE_SIGN_STYLE = Automatic;
				CURRENT_PROJECT_VERSION = 1;
				DEVELOPMENT_TEAM = 4Y9CS9QX72;
				GENERATE_INFOPLIST_FILE = YES;
				INFOPLIST_FILE = instagram/Info.plist;
				INFOPLIST_KEY_UIApplicationSupportsIndirectInputEvents = YES;
				INFOPLIST_KEY_UILaunchStoryboardName = LaunchScreen;
				INFOPLIST_KEY_UIMainStoryboardFile = Main;
				INFOPLIST_KEY_UISupportedInterfaceOrientations_iPad = "UIInterfaceOrientationPortrait UIInterfaceOrientationPortraitUpsideDown UIInterfaceOrientationLandscapeLeft UIInterfaceOrientationLandscapeRight";
				INFOPLIST_KEY_UISupportedInterfaceOrientations_iPhone = "UIInterfaceOrientationPortrait UIInterfaceOrientationLandscapeLeft UIInterfaceOrientationLandscapeRight";
				LD_RUNPATH_SEARCH_PATHS = (
					"$(inherited)",
					"@executable_path/Frameworks",
				);
				MARKETING_VERSION = 1.0;
				PRODUCT_BUNDLE_IDENTIFIER = com.EvaSennrich.instagram;
				PRODUCT_NAME = "$(TARGET_NAME)";
				SWIFT_EMIT_LOC_STRINGS = YES;
				SWIFT_VERSION = 5.0;
				TARGETED_DEVICE_FAMILY = "1,2";
			};
			name = Release;
		};
		6A0D456427DAB7B3006266BC /* Debug */ = {
			isa = XCBuildConfiguration;
			buildSettings = {
				ALWAYS_EMBED_SWIFT_STANDARD_LIBRARIES = YES;
				BUNDLE_LOADER = "$(TEST_HOST)";
				CODE_SIGN_STYLE = Automatic;
				CURRENT_PROJECT_VERSION = 1;
				DEVELOPMENT_TEAM = 4Y9CS9QX72;
				GENERATE_INFOPLIST_FILE = YES;
				IPHONEOS_DEPLOYMENT_TARGET = 15.2;
				MARKETING_VERSION = 1.0;
				PRODUCT_BUNDLE_IDENTIFIER = com.EvaSennrich.instagramTests;
				PRODUCT_NAME = "$(TARGET_NAME)";
				SWIFT_EMIT_LOC_STRINGS = NO;
				SWIFT_VERSION = 5.0;
				TARGETED_DEVICE_FAMILY = "1,2";
				TEST_HOST = "$(BUILT_PRODUCTS_DIR)/instagram.app/instagram";
			};
			name = Debug;
		};
		6A0D456527DAB7B3006266BC /* Release */ = {
			isa = XCBuildConfiguration;
			buildSettings = {
				ALWAYS_EMBED_SWIFT_STANDARD_LIBRARIES = YES;
				BUNDLE_LOADER = "$(TEST_HOST)";
				CODE_SIGN_STYLE = Automatic;
				CURRENT_PROJECT_VERSION = 1;
				DEVELOPMENT_TEAM = 4Y9CS9QX72;
				GENERATE_INFOPLIST_FILE = YES;
				IPHONEOS_DEPLOYMENT_TARGET = 15.2;
				MARKETING_VERSION = 1.0;
				PRODUCT_BUNDLE_IDENTIFIER = com.EvaSennrich.instagramTests;
				PRODUCT_NAME = "$(TARGET_NAME)";
				SWIFT_EMIT_LOC_STRINGS = NO;
				SWIFT_VERSION = 5.0;
				TARGETED_DEVICE_FAMILY = "1,2";
				TEST_HOST = "$(BUILT_PRODUCTS_DIR)/instagram.app/instagram";
			};
			name = Release;
		};
		6A0D456727DAB7B3006266BC /* Debug */ = {
			isa = XCBuildConfiguration;
			buildSettings = {
				ALWAYS_EMBED_SWIFT_STANDARD_LIBRARIES = YES;
				CODE_SIGN_STYLE = Automatic;
				CURRENT_PROJECT_VERSION = 1;
				DEVELOPMENT_TEAM = 4Y9CS9QX72;
				GENERATE_INFOPLIST_FILE = YES;
				MARKETING_VERSION = 1.0;
				PRODUCT_BUNDLE_IDENTIFIER = com.EvaSennrich.instagramUITests;
				PRODUCT_NAME = "$(TARGET_NAME)";
				SWIFT_EMIT_LOC_STRINGS = NO;
				SWIFT_VERSION = 5.0;
				TARGETED_DEVICE_FAMILY = "1,2";
				TEST_TARGET_NAME = instagram;
			};
			name = Debug;
		};
		6A0D456827DAB7B3006266BC /* Release */ = {
			isa = XCBuildConfiguration;
			buildSettings = {
				ALWAYS_EMBED_SWIFT_STANDARD_LIBRARIES = YES;
				CODE_SIGN_STYLE = Automatic;
				CURRENT_PROJECT_VERSION = 1;
				DEVELOPMENT_TEAM = 4Y9CS9QX72;
				GENERATE_INFOPLIST_FILE = YES;
				MARKETING_VERSION = 1.0;
				PRODUCT_BUNDLE_IDENTIFIER = com.EvaSennrich.instagramUITests;
				PRODUCT_NAME = "$(TARGET_NAME)";
				SWIFT_EMIT_LOC_STRINGS = NO;
				SWIFT_VERSION = 5.0;
				TARGETED_DEVICE_FAMILY = "1,2";
				TEST_TARGET_NAME = instagram;
			};
			name = Release;
		};
/* End XCBuildConfiguration section */

/* Begin XCConfigurationList section */
		6A0D453127DAB7B1006266BC /* Build configuration list for PBXProject "instagram" */ = {
			isa = XCConfigurationList;
			buildConfigurations = (
				6A0D455E27DAB7B3006266BC /* Debug */,
				6A0D455F27DAB7B3006266BC /* Release */,
			);
			defaultConfigurationIsVisible = 0;
			defaultConfigurationName = Release;
		};
		6A0D456027DAB7B3006266BC /* Build configuration list for PBXNativeTarget "instagram" */ = {
			isa = XCConfigurationList;
			buildConfigurations = (
				6A0D456127DAB7B3006266BC /* Debug */,
				6A0D456227DAB7B3006266BC /* Release */,
			);
			defaultConfigurationIsVisible = 0;
			defaultConfigurationName = Release;
		};
		6A0D456327DAB7B3006266BC /* Build configuration list for PBXNativeTarget "instagramTests" */ = {
			isa = XCConfigurationList;
			buildConfigurations = (
				6A0D456427DAB7B3006266BC /* Debug */,
				6A0D456527DAB7B3006266BC /* Release */,
			);
			defaultConfigurationIsVisible = 0;
			defaultConfigurationName = Release;
		};
		6A0D456627DAB7B3006266BC /* Build configuration list for PBXNativeTarget "instagramUITests" */ = {
			isa = XCConfigurationList;
			buildConfigurations = (
				6A0D456727DAB7B3006266BC /* Debug */,
				6A0D456827DAB7B3006266BC /* Release */,
			);
			defaultConfigurationIsVisible = 0;
			defaultConfigurationName = Release;
		};
/* End XCConfigurationList section */
	};
	rootObject = 6A0D452E27DAB7B1006266BC /* Project object */;
}
